{
  "//": "grunt-styleguide has a transitive dependency on node-sass 0.9.6 which has a bug forcing clients to build libsass",
  "//": "node-sass updated to 3.2.0 which is fixed allowing prebuilt libs to be fetched",
  "name": "insight-brain-service",
  "version": "1.16.0-SNAPSHOT",
  "dependencies": {
    "grunt-styleguide": {
      "version": "0.2.17",
      "dependencies": {
        "wrench": {
          "version": "1.5.8"
        },
        "styledocco": {
          "version": "0.6.6",
          "dependencies": {
            "async": {
              "version": "0.1.22"
            },
            "clean-css": {
              "version": "0.4.2",
              "dependencies": {
                "optimist": {
                  "version": "0.3.7",
                  "dependencies": {
                    "wordwrap": {
                      "version": "0.0.3"
                    }
                  }
                }
              }
            },
            "findit": {
              "version": "1.1.1"
            },
            "jade": {
              "version": "0.23.0",
              "dependencies": {
                "commander": {
                  "version": "0.5.2"
                },
                "mkdirp": {
                  "version": "0.3.0"
                }
              }
            },
            "marked": {
              "version": "0.2.10"
            },
            "mkdirp": {
              "version": "0.5.1",
              "dependencies": {
                "minimist": {
                  "version": "0.0.8"
                }
              }
            },
            "optimist": {
              "version": "0.6.1",
              "dependencies": {
                "wordwrap": {
                  "version": "0.0.3"
                },
                "minimist": {
                  "version": "0.0.10"
                }
              }
            },
            "uglify-js": {
              "version": "1.2.6"
            }
          }
        },
        "less": {
          "version": "1.7.5",
          "dependencies": {
            "graceful-fs": {
              "version": "3.0.8"
            },
            "mime": {
              "version": "1.2.11"
            },
            "request": {
              "version": "2.40.0",
              "dependencies": {
                "qs": {
                  "version": "1.0.2"
                },
                "json-stringify-safe": {
                  "version": "5.0.1"
                },
                "mime-types": {
                  "version": "1.0.2"
                },
                "forever-agent": {
                  "version": "0.5.2"
                },
                "node-uuid": {
                  "version": "1.4.3"
                },
                "tough-cookie": {
                  "version": "2.0.0"
                },
                "form-data": {
                  "version": "0.1.4",
                  "dependencies": {
                    "combined-stream": {
                      "version": "0.0.7",
                      "dependencies": {
                        "delayed-stream": {
                          "version": "0.0.5"
                        }
                      }
                    },
                    "async": {
                      "version": "0.9.2"
                    }
                  }
                },
                "tunnel-agent": {
                  "version": "0.4.1"
                },
                "http-signature": {
                  "version": "0.10.1",
                  "dependencies": {
                    "assert-plus": {
                      "version": "0.1.5"
                    },
                    "asn1": {
                      "version": "0.1.11"
                    },
                    "ctype": {
                      "version": "0.5.3"
                    }
                  }
                },
                "oauth-sign": {
                  "version": "0.3.0"
                },
                "hawk": {
                  "version": "1.1.1",
                  "dependencies": {
                    "hoek": {
                      "version": "0.9.1"
                    },
                    "boom": {
                      "version": "0.4.2"
                    },
                    "cryptiles": {
                      "version": "0.2.2"
                    },
                    "sntp": {
                      "version": "0.2.4"
                    }
                  }
                },
                "aws-sign2": {
                  "version": "0.5.0"
                },
                "stringstream": {
                  "version": "0.0.4"
                }
              }
            },
            "mkdirp": {
              "version": "0.5.1",
              "dependencies": {
                "minimist": {
                  "version": "0.0.8"
                }
              }
            },
            "clean-css": {
              "version": "2.2.23",
              "dependencies": {
                "commander": {
                  "version": "2.2.0"
                }
              }
            },
            "source-map": {
              "version": "0.1.43",
              "dependencies": {
                "amdefine": {
                  "version": "1.0.0"
                }
              }
            }
          }
        },
        "kss": {
          "version": "1.0.1",
          "dependencies": {
            "async": {
              "version": "0.9.2"
            },
            "clean-css": {
              "version": "2.2.23",
              "dependencies": {
                "commander": {
                  "version": "2.2.0"
                }
              }
            },
            "handlebars": {
              "version": "2.0.0",
              "dependencies": {
                "optimist": {
                  "version": "0.3.7",
                  "dependencies": {
                    "wordwrap": {
                      "version": "0.0.3"
                    }
                  }
                },
                "uglify-js": {
                  "version": "2.3.6",
                  "dependencies": {
                    "async": {
                      "version": "0.2.10"
                    },
                    "source-map": {
                      "version": "0.1.43",
                      "dependencies": {
                        "amdefine": {
                          "version": "1.0.0"
                        }
                      }
                    }
                  }
                }
              }
            },
            "marked": {
              "version": "0.3.5"
            },
            "natural": {
              "version": "0.1.29",
              "dependencies": {
                "sylvester": {
                  "version": "0.0.21"
                },
                "apparatus": {
                  "version": "0.0.9"
                },
                "underscore": {
                  "version": "1.8.3"
                }
              }
            },
            "node-sass": {
              "version": "3.2.0",
              "dependencies": {
                "chalk": {
                  "version": "0.5.1",
                  "dependencies": {
                    "ansi-styles": {
                      "version": "1.1.0"
                    },
                    "escape-string-regexp": {
                      "version": "1.0.3"
                    },
                    "has-ansi": {
                      "version": "0.1.0",
                      "dependencies": {
                        "ansi-regex": {
                          "version": "0.2.1"
                        }
                      }
                    },
                    "strip-ansi": {
                      "version": "0.3.0",
                      "dependencies": {
                        "ansi-regex": {
                          "version": "0.2.1"
                        }
                      }
                    },
                    "supports-color": {
                      "version": "0.2.0"
                    }
                  }
                },
                "mkdirp": {
                  "version": "0.5.1",
                  "dependencies": {
                    "minimist": {
                      "version": "0.0.8"
                    }
                  }
                },
                "mocha": {
                  "version": "1.21.5",
                  "dependencies": {
                    "commander": {
                      "version": "2.3.0"
                    },
                    "debug": {
                      "version": "2.0.0",
                      "dependencies": {
                        "ms": {
                          "version": "0.6.2"
                        }
                      }
                    },
                    "diff": {
                      "version": "1.0.8"
                    },
                    "escape-string-regexp": {
                      "version": "1.0.2"
                    },
                    "glob": {
                      "version": "3.2.3",
                      "dependencies": {
                        "minimatch": {
                          "version": "0.2.14",
                          "dependencies": {
                            "lru-cache": {
                              "version": "2.6.5"
                            },
                            "sigmund": {
                              "version": "1.0.1"
                            }
                          }
                        },
                        "graceful-fs": {
                          "version": "2.0.3"
                        },
                        "inherits": {
                          "version": "2.0.1"
                        }
                      }
                    },
                    "growl": {
                      "version": "1.8.1"
                    },
                    "jade": {
                      "version": "0.26.3",
                      "dependencies": {
                        "commander": {
                          "version": "0.6.1"
                        },
                        "mkdirp": {
                          "version": "0.3.0"
                        }
                      }
                    },
                    "mkdirp": {
                      "version": "0.5.0",
                      "dependencies": {
                        "minimist": {
                          "version": "0.0.8"
                        }
                      }
                    }
                  }
                },
                "nan": {
                  "version": "1.3.0"
                },
                "node-watch": {
                  "version": "0.3.4"
                },
                "object-assign": {
                  "version": "1.0.0"
                },
                "shelljs": {
                  "version": "0.3.0"
                },
                "sinon": {
                  "version": "1.10.3",
                  "dependencies": {
                    "formatio": {
                      "version": "1.0.2",
                      "dependencies": {
                        "samsam": {
                          "version": "1.1.2"
                        }
                      }
                    },
                    "util": {
                      "version": "0.10.3",
                      "dependencies": {
                        "inherits": {
                          "version": "2.0.1"
                        }
                      }
                    }
                  }
                },
                "node-sass-middleware": {
                  "version": "0.3.1"
                },
                "get-stdin": {
                  "version": "3.0.2"
                }
              }
            },
            "stylus": {
              "version": "0.48.1",
              "dependencies": {
                "css-parse": {
                  "version": "1.7.0"
                },
                "mkdirp": {
                  "version": "0.3.5"
                },
                "debug": {
                  "version": "2.2.0",
                  "dependencies": {
                    "ms": {
                      "version": "0.7.1"
                    }
                  }
                },
                "sax": {
                  "version": "0.5.8"
                },
                "glob": {
                  "version": "3.2.11",
                  "dependencies": {
                    "inherits": {
                      "version": "2.0.1"
                    },
                    "minimatch": {
                      "version": "0.3.0",
                      "dependencies": {
                        "lru-cache": {
                          "version": "2.6.5"
                        },
                        "sigmund": {
                          "version": "1.0.1"
                        }
                      }
                    }
                  }
                },
                "source-map": {
                  "version": "0.1.43",
                  "dependencies": {
                    "amdefine": {
                      "version": "1.0.0"
                    }
                  }
                }
              }
            },
            "yargs": {
              "version": "1.3.3"
            }
          }
        },
        "stylus": {
          "version": "0.49.3",
          "dependencies": {
            "css-parse": {
              "version": "1.7.0"
            },
            "mkdirp": {
              "version": "0.3.5"
            },
            "debug": {
              "version": "2.2.0",
              "dependencies": {
                "ms": {
                  "version": "0.7.1"
                }
              }
            },
            "sax": {
              "version": "0.5.8"
            },
            "glob": {
              "version": "3.2.11",
              "dependencies": {
                "inherits": {
                  "version": "2.0.1"
                },
                "minimatch": {
                  "version": "0.3.0",
                  "dependencies": {
                    "lru-cache": {
                      "version": "2.6.5"
                    },
                    "sigmund": {
                      "version": "1.0.1"
                    }
                  }
                }
              }
            },
            "source-map": {
              "version": "0.1.43",
              "dependencies": {
                "amdefine": {
                  "version": "1.0.0"
                }
              }
            }
          }
        }
      }
    }
  }
}
