{
  "name": "root-project-name",
  "version": "root-project-version",
  "lockFileVersion": 1,
  "requires": true,
  "dependencies": {
    "package1": {
      "version": "0.1.2",
      "depth": 0,
      "source": "registry",
      "dependencies": {
        "transitiveDep1": {
          "version": "2.0.2",
          "resolved": "https://repo.company.com/transitiveDep1"
        },
        "transitiveDep2": {
          "version": "1.2.0",
          "resolved": "https://repo.company.com/transitiveDep2"
        },
        "transitiveDep3": {
          "version": "1.3.0",
          "resolved": "https://repo.company.com/transitiveDep3",
          "dependencies": {
            "transitiveDep4" : {
              "version": "1.4.0",
              "resolved": "https://repo.company.com/transitiveDep4"
            }
          }
        }
      },
      "url": "https://packages.com"
    }
  }
}
